
Microsoft Visual Studio Solution File, Format Version 12.00
# Visual Studio Version 16
VisualStudioVersion = 16.0.30406.217
MinimumVisualStudioVersion = 10.0.40219.1
Project("{9A19103F-16F7-4668-BE54-9A1E7A4F7556}") = "Azure.Identity.Extensions", "Azure.Identity.Extensions.csproj", "{6DFCDFA1-A414-4CB3-986E-0DE4F4CEEF0D}"
EndProject
Project("{9A19103F-16F7-4668-BE54-9A1E7A4F7556}") = "Azure.Identity.Extensions.Tests", "..\Azure.Identity.Extensions.Tests\Azure.Identity.Extensions.Tests.csproj", "{22DBEED5-53E9-45DB-B174-13949FFD1D97}"
EndProject
Global
	GlobalSection(SolutionConfigurationPlatforms) = preSolution
		Debug|Any CPU = Debug|Any CPU
		Release|Any CPU = Release|Any CPU
	EndGlobalSection
	GlobalSection(ProjectConfigurationPlatforms) = postSolution
		{6DFCDFA1-A414-4CB3-986E-0DE4F4CEEF0D}.Debug|Any CPU.ActiveCfg = Debug|Any CPU
		{6DFCDFA1-A414-4CB3-986E-0DE4F4CEEF0D}.Debug|Any CPU.Build.0 = Debug|Any CPU
		{6DFCDFA1-A414-4CB3-986E-0DE4F4CEEF0D}.Release|Any CPU.ActiveCfg = Release|Any CPU
		{6DFCDFA1-A414-4CB3-986E-0DE4F4CEEF0D}.Release|Any CPU.Build.0 = Release|Any CPU
		{22DBEED5-53E9-45DB-B174-13949FFD1D97}.Debug|Any CPU.ActiveCfg = Debug|Any CPU
		{22DBEED5-53E9-45DB-B174-13949FFD1D97}.Debug|Any CPU.Build.0 = Debug|Any CPU
		{22DBEED5-53E9-45DB-B174-13949FFD1D97}.Release|Any CPU.ActiveCfg = Release|Any CPU
		{22DBEED5-53E9-45DB-B174-13949FFD1D97}.Release|Any CPU.Build.0 = Release|Any CPU
	EndGlobalSection
	GlobalSection(SolutionProperties) = preSolution
		HideSolutionNode = FALSE
	EndGlobalSection
	GlobalSection(ExtensibilityGlobals) = postSolution
		SolutionGuid = {2F7656B0-B457-404B-92FC-F27CB9E2EB31}
	EndGlobalSection
EndGlobal
